<?xml version="1.0" encoding="UTF-8" standalone="yes" ?>
<CodeBlocks_project_file>
	<FileVersion major="1" minor="6" />
	<Project>
		<Option title="DEFENDER" />
		<Option pch_mode="2" />
		<Option compiler="gcc" />
		<Build>
			<Target title="Debug">
				<Option output="bin/Debug/DEFENDER" prefix_auto="1" extension_auto="1" />
				<Option object_output="obj/Debug/" />
				<Option type="1" />
				<Option compiler="gcc" />
				<Compiler>
					<Add option="-g" />
				</Compiler>
			</Target>
			<Target title="Release">
				<Option output="bin/Release/DEFENDER" prefix_auto="1" extension_auto="1" />
				<Option object_output="obj/Release/" />
				<Option type="1" />
				<Option compiler="gcc" />
				<Compiler>
					<Add option="-O2" />
				</Compiler>
				<Linker>
					<Add option="-s" />
				</Linker>
			</Target>
		</Build>
		<Compiler>
			<Add option="-Wall" />
		</Compiler>
		<Unit filename="clrscr.h" />
		<Unit filename="decide_tiro_inimigo.c">
			<Option compilerVar="CC" />
		</Unit>
		<Unit filename="decide_tiro_inimigo.h" />
		<Unit filename="delline.h" />
		<Unit filename="game_over.c">
			<Option compilerVar="CC" />
		</Unit>
		<Unit filename="game_over.h" />
		<Unit filename="gera_tela.c">
			<Option compilerVar="CC" />
		</Unit>
		<Unit filename="gera_tela.h" />
		<Unit filename="gera_tiro.c">
			<Option compilerVar="CC" />
		</Unit>
		<Unit filename="gera_tiro.h" />
		<Unit filename="gotoxy.h" />
		<Unit filename="imprime_escore.c">
			<Option compilerVar="CC" />
		</Unit>
		<Unit filename="imprime_escore.h" />
		<Unit filename="imprime_inimigo.c">
			<Option compilerVar="CC" />
		</Unit>
		<Unit filename="imprime_inimigo.h" />
		<Unit filename="imprime_nave.c">
			<Option compilerVar="CC" />
		</Unit>
		<Unit filename="imprime_nave.h" />
		<Unit filename="imprime_tela.c">
			<Option compilerVar="CC" />
		</Unit>
		<Unit filename="imprime_tela.h" />
		<Unit filename="kbhit.h" />
		<Unit filename="le_mapa.c">
			<Option compilerVar="CC" />
		</Unit>
		<Unit filename="le_mapa.h" />
		<Unit filename="main.c">
			<Option compilerVar="CC" />
		</Unit>
		<Unit filename="main.h" />
		<Unit filename="menu_inicial.c">
			<Option compilerVar="CC" />
		</Unit>
		<Unit filename="menu_inicial.h" />
		<Unit filename="movimenta_inimigos.c">
			<Option compilerVar="CC" />
		</Unit>
		<Unit filename="movimenta_inimigos.h" />
		<Unit filename="movimenta_nave.c">
			<Option compilerVar="CC" />
		</Unit>
		<Unit filename="movimenta_nave.h" />
		<Unit filename="movimenta_tiro.c">
			<Option compilerVar="CC" />
		</Unit>
		<Unit filename="movimenta_tiro.h" />
		<Unit filename="movimenta_tiro_inimigo.c">
			<Option compilerVar="CC" />
		</Unit>
		<Unit filename="movimenta_tiro_inimigo.h" />
		<Unit filename="nome_repetido.c">
			<Option compilerVar="CC" />
		</Unit>
		<Unit filename="nome_repetido.h" />
		<Unit filename="pede_nome.c">
			<Option compilerVar="CC" />
		</Unit>
		<Unit filename="pede_nome.h" />
		<Unit filename="salva_jogo.c">
			<Option compilerVar="CC" />
		</Unit>
		<Unit filename="salva_jogo.h" />
		<Unit filename="tiro_inimigo.c">
			<Option compilerVar="CC" />
		</Unit>
		<Unit filename="tiro_inimigo.h" />
		<Extensions>
			<code_completion />
			<envvars />
			<debugger />
		</Extensions>
	</Project>
</CodeBlocks_project_file>
